schema: '2.0'
stages:
  preprocess:
    cmd: python src/data/preproc_data.py
    deps:
    - path: data/raw/ts_data.csv
      hash: md5
      md5: f9bed7345eb392e203b5e0275cd52494
      size: 54231
    - path: src/data/preproc_data.py
      hash: md5
      md5: 3b3b048b1bfad359d1d9409a430bacb1
      size: 1722
    params:
      params.yaml:
        preprocess.num_lagged_features: 2
    outs:
    - path: data/preprocessed/ts_data_monthly.csv
      hash: md5
      md5: cefc345b08a11172db3fabc1b3c41ba4
      size: 3847
      cloud:
        aws_bucket:
          etag: cefc345b08a11172db3fabc1b3c41ba4
          version_id: tktqjWhx4uSevLv9rAj5hXkaC0LBafZG
    - path: data/preprocessed/ts_data_monthly.csv.mlem
      hash: md5
      md5: 3ac90272cddc4df715ba4662a53f13ab
      size: 427
  visualize:
    cmd: python src/viz/visualize.py
    deps:
    - path: data/preprocessed/ts_data_monthly.csv
      hash: md5
      md5: cefc345b08a11172db3fabc1b3c41ba4
      size: 3847
    - path: data/raw/ts_data.csv
      hash: md5
      md5: f9bed7345eb392e203b5e0275cd52494
      size: 54231
    - path: src/viz/visualize.py
      hash: md5
      md5: 01e1ca52fc6a510c8e87ac382ce1dadf
      size: 2002
    params:
      params.yaml:
        visualize.differencing_param: 1
        visualize.num_lags_to_plot: 20
    outs:
    - path: reports/figures/daily_acf.png
      hash: md5
      md5: 08010a9aba71ed25be6a4d430f417894
      size: 69164
    - path: reports/figures/daily_timeseries.png
      hash: md5
      md5: 834d2d74a8633d85b1e6aae627332bdb
      size: 304132
    - path: reports/figures/monthly_acf.png
      hash: md5
      md5: 391206af3a338cd586adb4f354f0a77f
      size: 72440
    - path: reports/figures/monthly_timeseries.png
      hash: md5
      md5: 4af6b324d333b24d4b5273e7061924e2
      size: 153154
  train_model:
    cmd: python src/models/train_model.py
    deps:
    - path: data/preprocessed/ts_data_monthly.csv
      hash: md5
      md5: cefc345b08a11172db3fabc1b3c41ba4
      size: 3847
    - path: src/models/train_model.py
      hash: md5
      md5: ece2e97a6408ccbafad71b125d70175e
      size: 3785
    params:
      params.yaml:
        train_model.forecast_size: 1
        train_model.model_fit_intercept: true
        train_model.model_force_positive_coeffs: false
        train_model.num_splits: 30
    outs:
    - path: models/lr_model
      hash: md5
      md5: f3ef77a4d0afe25810c4e9ee50a15168
      size: 615
      cloud:
        aws_bucket:
          etag: f3ef77a4d0afe25810c4e9ee50a15168
          version_id: 6dn7vQ5RZczauQba.M1NWDgD1psaPab9
    - path: models/lr_model.mlem
      hash: md5
      md5: cf56612073761423d34777ce365993ed
      size: 914
    - path: models/metrics.json
      hash: md5
      md5: f7b76c87c74518de13eed1693cb33b2b
      size: 129
    - path: reports/figures/validation_forecasts.png
      hash: md5
      md5: 473f6b53dc7b5c1b802c858d8f603a4e
      size: 137228
